
Microsoft Visual Studio Solution File, Format Version 12.00
# Visual Studio 2012
Project("{FAE04EC0-301F-11D3-BF4B-00C04F79EFBC}") = "SplashPageComics.WinRT.Business", "..\..\Projects\SplashPageComics.Business\SplashPageComics.WinRT.Business.csproj", "{2B39D0BF-5510-4C40-9F33-A9209FFDB770}"
EndProject
Project("{FAE04EC0-301F-11D3-BF4B-00C04F79EFBC}") = "SplashPageComics", "..\..\Projects\SplashPageComics\SplashPageComics.csproj", "{04E7220F-8102-46C9-9C4F-CD47D39F3FE1}"
EndProject
Global
	GlobalSection(SolutionConfigurationPlatforms) = preSolution
		Debug|Any CPU = Debug|Any CPU
		Debug|ARM = Debug|ARM
		Debug|x64 = Debug|x64
		Debug|x86 = Debug|x86
		Release|Any CPU = Release|Any CPU
		Release|ARM = Release|ARM
		Release|x64 = Release|x64
		Release|x86 = Release|x86
		UnitTesting|Any CPU = UnitTesting|Any CPU
		UnitTesting|ARM = UnitTesting|ARM
		UnitTesting|x64 = UnitTesting|x64
		UnitTesting|x86 = UnitTesting|x86
	EndGlobalSection
	GlobalSection(ProjectConfigurationPlatforms) = postSolution
		{2B39D0BF-5510-4C40-9F33-A9209FFDB770}.Debug|Any CPU.ActiveCfg = Debug|Any CPU
		{2B39D0BF-5510-4C40-9F33-A9209FFDB770}.Debug|Any CPU.Build.0 = Debug|Any CPU
		{2B39D0BF-5510-4C40-9F33-A9209FFDB770}.Debug|ARM.ActiveCfg = Debug|ARM
		{2B39D0BF-5510-4C40-9F33-A9209FFDB770}.Debug|ARM.Build.0 = Debug|ARM
		{2B39D0BF-5510-4C40-9F33-A9209FFDB770}.Debug|x64.ActiveCfg = Debug|x64
		{2B39D0BF-5510-4C40-9F33-A9209FFDB770}.Debug|x64.Build.0 = Debug|x64
		{2B39D0BF-5510-4C40-9F33-A9209FFDB770}.Debug|x86.ActiveCfg = Debug|x86
		{2B39D0BF-5510-4C40-9F33-A9209FFDB770}.Debug|x86.Build.0 = Debug|x86
		{2B39D0BF-5510-4C40-9F33-A9209FFDB770}.Release|Any CPU.ActiveCfg = Release|Any CPU
		{2B39D0BF-5510-4C40-9F33-A9209FFDB770}.Release|Any CPU.Build.0 = Release|Any CPU
		{2B39D0BF-5510-4C40-9F33-A9209FFDB770}.Release|ARM.ActiveCfg = Release|ARM
		{2B39D0BF-5510-4C40-9F33-A9209FFDB770}.Release|ARM.Build.0 = Release|ARM
		{2B39D0BF-5510-4C40-9F33-A9209FFDB770}.Release|x64.ActiveCfg = Release|x64
		{2B39D0BF-5510-4C40-9F33-A9209FFDB770}.Release|x64.Build.0 = Release|x64
		{2B39D0BF-5510-4C40-9F33-A9209FFDB770}.Release|x86.ActiveCfg = Release|x86
		{2B39D0BF-5510-4C40-9F33-A9209FFDB770}.Release|x86.Build.0 = Release|x86
		{2B39D0BF-5510-4C40-9F33-A9209FFDB770}.UnitTesting|Any CPU.ActiveCfg = UnitTesting|Any CPU
		{2B39D0BF-5510-4C40-9F33-A9209FFDB770}.UnitTesting|Any CPU.Build.0 = UnitTesting|Any CPU
		{2B39D0BF-5510-4C40-9F33-A9209FFDB770}.UnitTesting|ARM.ActiveCfg = UnitTesting|ARM
		{2B39D0BF-5510-4C40-9F33-A9209FFDB770}.UnitTesting|ARM.Build.0 = UnitTesting|ARM
		{2B39D0BF-5510-4C40-9F33-A9209FFDB770}.UnitTesting|x64.ActiveCfg = UnitTesting|x64
		{2B39D0BF-5510-4C40-9F33-A9209FFDB770}.UnitTesting|x64.Build.0 = UnitTesting|x64
		{2B39D0BF-5510-4C40-9F33-A9209FFDB770}.UnitTesting|x86.ActiveCfg = UnitTesting|x86
		{2B39D0BF-5510-4C40-9F33-A9209FFDB770}.UnitTesting|x86.Build.0 = UnitTesting|x86
		{04E7220F-8102-46C9-9C4F-CD47D39F3FE1}.Debug|Any CPU.ActiveCfg = Debug|Any CPU
		{04E7220F-8102-46C9-9C4F-CD47D39F3FE1}.Debug|Any CPU.Build.0 = Debug|Any CPU
		{04E7220F-8102-46C9-9C4F-CD47D39F3FE1}.Debug|Any CPU.Deploy.0 = Debug|Any CPU
		{04E7220F-8102-46C9-9C4F-CD47D39F3FE1}.Debug|ARM.ActiveCfg = Debug|ARM
		{04E7220F-8102-46C9-9C4F-CD47D39F3FE1}.Debug|ARM.Build.0 = Debug|ARM
		{04E7220F-8102-46C9-9C4F-CD47D39F3FE1}.Debug|ARM.Deploy.0 = Debug|ARM
		{04E7220F-8102-46C9-9C4F-CD47D39F3FE1}.Debug|x64.ActiveCfg = Debug|x64
		{04E7220F-8102-46C9-9C4F-CD47D39F3FE1}.Debug|x64.Build.0 = Debug|x64
		{04E7220F-8102-46C9-9C4F-CD47D39F3FE1}.Debug|x64.Deploy.0 = Debug|x64
		{04E7220F-8102-46C9-9C4F-CD47D39F3FE1}.Debug|x86.ActiveCfg = Debug|x86
		{04E7220F-8102-46C9-9C4F-CD47D39F3FE1}.Debug|x86.Build.0 = Debug|x86
		{04E7220F-8102-46C9-9C4F-CD47D39F3FE1}.Debug|x86.Deploy.0 = Debug|x86
		{04E7220F-8102-46C9-9C4F-CD47D39F3FE1}.Release|Any CPU.ActiveCfg = Release|Any CPU
		{04E7220F-8102-46C9-9C4F-CD47D39F3FE1}.Release|Any CPU.Build.0 = Release|Any CPU
		{04E7220F-8102-46C9-9C4F-CD47D39F3FE1}.Release|Any CPU.Deploy.0 = Release|Any CPU
		{04E7220F-8102-46C9-9C4F-CD47D39F3FE1}.Release|ARM.ActiveCfg = Release|ARM
		{04E7220F-8102-46C9-9C4F-CD47D39F3FE1}.Release|ARM.Build.0 = Release|ARM
		{04E7220F-8102-46C9-9C4F-CD47D39F3FE1}.Release|ARM.Deploy.0 = Release|ARM
		{04E7220F-8102-46C9-9C4F-CD47D39F3FE1}.Release|x64.ActiveCfg = Release|x64
		{04E7220F-8102-46C9-9C4F-CD47D39F3FE1}.Release|x64.Build.0 = Release|x64
		{04E7220F-8102-46C9-9C4F-CD47D39F3FE1}.Release|x64.Deploy.0 = Release|x64
		{04E7220F-8102-46C9-9C4F-CD47D39F3FE1}.Release|x86.ActiveCfg = Release|x86
		{04E7220F-8102-46C9-9C4F-CD47D39F3FE1}.Release|x86.Build.0 = Release|x86
		{04E7220F-8102-46C9-9C4F-CD47D39F3FE1}.Release|x86.Deploy.0 = Release|x86
		{04E7220F-8102-46C9-9C4F-CD47D39F3FE1}.UnitTesting|Any CPU.ActiveCfg = UnitTesting|Any CPU
		{04E7220F-8102-46C9-9C4F-CD47D39F3FE1}.UnitTesting|ARM.ActiveCfg = UnitTesting|ARM
		{04E7220F-8102-46C9-9C4F-CD47D39F3FE1}.UnitTesting|ARM.Build.0 = UnitTesting|ARM
		{04E7220F-8102-46C9-9C4F-CD47D39F3FE1}.UnitTesting|ARM.Deploy.0 = UnitTesting|ARM
		{04E7220F-8102-46C9-9C4F-CD47D39F3FE1}.UnitTesting|x64.ActiveCfg = UnitTesting|x64
		{04E7220F-8102-46C9-9C4F-CD47D39F3FE1}.UnitTesting|x64.Build.0 = UnitTesting|x64
		{04E7220F-8102-46C9-9C4F-CD47D39F3FE1}.UnitTesting|x64.Deploy.0 = UnitTesting|x64
		{04E7220F-8102-46C9-9C4F-CD47D39F3FE1}.UnitTesting|x86.ActiveCfg = UnitTesting|x86
		{04E7220F-8102-46C9-9C4F-CD47D39F3FE1}.UnitTesting|x86.Build.0 = UnitTesting|x86
		{04E7220F-8102-46C9-9C4F-CD47D39F3FE1}.UnitTesting|x86.Deploy.0 = UnitTesting|x86
	EndGlobalSection
	GlobalSection(SolutionProperties) = preSolution
		HideSolutionNode = FALSE
	EndGlobalSection
EndGlobal
